PODS:
  - AFNetworking (3.1.0):
    - AFNetworking/NSURLSession (= 3.1.0)
    - AFNetworking/Reachability (= 3.1.0)
    - AFNetworking/Security (= 3.1.0)
    - AFNetworking/Serialization (= 3.1.0)
    - AFNetworking/UIKit (= 3.1.0)
  - AFNetworking/NSURLSession (3.1.0):
    - AFNetworking/Reachability
    - AFNetworking/Security
    - AFNetworking/Serialization
  - AFNetworking/Reachability (3.1.0)
  - AFNetworking/Security (3.1.0)
  - AFNetworking/Serialization (3.1.0)
  - AFNetworking/UIKit (3.1.0):
    - AFNetworking/NSURLSession
  - EaseMobSDKFull (2.3.1)
  - SVProgressHUD (2.1.2)
  - WechatOpenSDK (1.7.7)

DEPENDENCIES:
  - AFNetworking (~> 3.1.0)
  - EaseMobSDKFull (~> 2.3.1)
  - SVProgressHUD (~> 2.1.2)
  - WechatOpenSDK (~> 1.7.7)

SPEC CHECKSUMS:
  AFNetworking: 5e0e199f73d8626b11e79750991f5d173d1f8b67
  EaseMobSDKFull: 4d8d32289233b25f235c681c17037cb28e8079de
  SVProgressHUD: c404a55d78acbeb7ebb78b76d3faf986475a6994
  WechatOpenSDK: cbd332148eb792d444ed4eec94f421d98f2046ee

PODFILE CHECKSUM: 799c1f1e431e11839286fe347d377cb81713efde

COCOAPODS: 1.2.0
